
Microsoft Visual Studio Solution File, Format Version 12.00
# Visual Studio Version 17
VisualStudioVersion = 17.1.32328.378
MinimumVisualStudioVersion = 10.0.40219.1
Project("{9A19103F-16F7-4668-BE54-9A1E7A4F7556}") = "BMapr.GDAL.WebApi", "BMapr.GDAL.WebApi\BMapr.GDAL.WebApi.csproj", "{AF5F48E3-0B47-454C-9523-31B00B3EDD7F}"
EndProject
Project("{9A19103F-16F7-4668-BE54-9A1E7A4F7556}") = "BMapr.GDAL.WebApi.Test", "BMapr.GDAL.WebApi.Test\BMapr.GDAL.WebApi.Test.csproj", "{8B7ACF73-9FA9-4A08-BB2A-216CCE61AB14}"
EndProject
Global
	GlobalSection(SolutionConfigurationPlatforms) = preSolution
		Debug|Any CPU = Debug|Any CPU
		Release|Any CPU = Release|Any CPU
	EndGlobalSection
	GlobalSection(ProjectConfigurationPlatforms) = postSolution
		{AF5F48E3-0B47-454C-9523-31B00B3EDD7F}.Debug|Any CPU.ActiveCfg = Debug|Any CPU
		{AF5F48E3-0B47-454C-9523-31B00B3EDD7F}.Debug|Any CPU.Build.0 = Debug|Any CPU
		{AF5F48E3-0B47-454C-9523-31B00B3EDD7F}.Release|Any CPU.ActiveCfg = Release|Any CPU
		{AF5F48E3-0B47-454C-9523-31B00B3EDD7F}.Release|Any CPU.Build.0 = Release|Any CPU
		{8B7ACF73-9FA9-4A08-BB2A-216CCE61AB14}.Debug|Any CPU.ActiveCfg = Debug|Any CPU
		{8B7ACF73-9FA9-4A08-BB2A-216CCE61AB14}.Debug|Any CPU.Build.0 = Debug|Any CPU
		{8B7ACF73-9FA9-4A08-BB2A-216CCE61AB14}.Release|Any CPU.ActiveCfg = Release|Any CPU
		{8B7ACF73-9FA9-4A08-BB2A-216CCE61AB14}.Release|Any CPU.Build.0 = Release|Any CPU
	EndGlobalSection
	GlobalSection(SolutionProperties) = preSolution
		HideSolutionNode = FALSE
	EndGlobalSection
	GlobalSection(ExtensibilityGlobals) = postSolution
		SolutionGuid = {AD45F8FD-94AB-439C-A36E-D0D272F77843}
	EndGlobalSection
EndGlobal
